// !$*UTF8*$!
{
	archiveVersion = 1;
	classes = {
	};
	objectVersion = 55;
	objects = {

/* Begin PBXBuildFile section */
		4C92019C005BA2ECF213BFE0 /* Pods_CoreDataBatchInsert.framework in Frameworks */ = {isa = PBXBuildFile; fileRef = 6B26F28C877B9E4723D28167 /* Pods_CoreDataBatchInsert.framework */; };
		7467D14327DD23260013F4CB /* AppDelegate.swift in Sources */ = {isa = PBXBuildFile; fileRef = 7467D14227DD23260013F4CB /* AppDelegate.swift */; };
		7467D14527DD23260013F4CB /* SceneDelegate.swift in Sources */ = {isa = PBXBuildFile; fileRef = 7467D14427DD23260013F4CB /* SceneDelegate.swift */; };
		7467D14727DD23260013F4CB /* ViewController.swift in Sources */ = {isa = PBXBuildFile; fileRef = 7467D14627DD23260013F4CB /* ViewController.swift */; };
		7467D14A27DD23260013F4CB /* Main.storyboard in Resources */ = {isa = PBXBuildFile; fileRef = 7467D14827DD23260013F4CB /* Main.storyboard */; };
		7467D14C27DD23280013F4CB /* Assets.xcassets in Resources */ = {isa = PBXBuildFile; fileRef = 7467D14B27DD23280013F4CB /* Assets.xcassets */; };
		7467D14F27DD23280013F4CB /* LaunchScreen.storyboard in Resources */ = {isa = PBXBuildFile; fileRef = 7467D14D27DD23280013F4CB /* LaunchScreen.storyboard */; };
		7467D15A27DD23D90013F4CB /* CoreDataManager.swift in Sources */ = {isa = PBXBuildFile; fileRef = 7467D15927DD23D90013F4CB /* CoreDataManager.swift */; };
		7467D15C27DD25F10013F4CB /* data.json in Resources */ = {isa = PBXBuildFile; fileRef = 7467D15B27DD25F10013F4CB /* data.json */; };
		7467D15F27DD26860013F4CB /* Model.xcdatamodeld in Sources */ = {isa = PBXBuildFile; fileRef = 7467D15D27DD26860013F4CB /* Model.xcdatamodeld */; };
		7467D16127DD32BF0013F4CB /* ViewModel.swift in Sources */ = {isa = PBXBuildFile; fileRef = 7467D16027DD32BF0013F4CB /* ViewModel.swift */; };
		7467D16427DD33E10013F4CB /* CodingUserInfoKey+Extensions.swift in Sources */ = {isa = PBXBuildFile; fileRef = 7467D16327DD33E10013F4CB /* CodingUserInfoKey+Extensions.swift */; };
		7467D16727DD346E0013F4CB /* CodableManagedObject.swift in Sources */ = {isa = PBXBuildFile; fileRef = 7467D16627DD346E0013F4CB /* CodableManagedObject.swift */; };
		7467D16927DD357D0013F4CB /* DecoderUpdatable.swift in Sources */ = {isa = PBXBuildFile; fileRef = 7467D16827DD357D0013F4CB /* DecoderUpdatable.swift */; };
		7467D16B27DD35AC0013F4CB /* NSManagedObjectContext+Extensions.swift in Sources */ = {isa = PBXBuildFile; fileRef = 7467D16A27DD35AC0013F4CB /* NSManagedObjectContext+Extensions.swift */; };
		7467D17727DD443B0013F4CB /* Friend.swift in Sources */ = {isa = PBXBuildFile; fileRef = 7467D17027DD443B0013F4CB /* Friend.swift */; };
		7467D17827DD443B0013F4CB /* Person.swift in Sources */ = {isa = PBXBuildFile; fileRef = 7467D17127DD443B0013F4CB /* Person.swift */; };
		7467D17927DD443B0013F4CB /* _Person.swift in Sources */ = {isa = PBXBuildFile; fileRef = 7467D17327DD443B0013F4CB /* _Person.swift */; };
		7467D17A27DD443B0013F4CB /* _Tag.swift in Sources */ = {isa = PBXBuildFile; fileRef = 7467D17427DD443B0013F4CB /* _Tag.swift */; };
		7467D17B27DD443B0013F4CB /* _Friend.swift in Sources */ = {isa = PBXBuildFile; fileRef = 7467D17527DD443B0013F4CB /* _Friend.swift */; };
		7467D17C27DD443B0013F4CB /* Tag.swift in Sources */ = {isa = PBXBuildFile; fileRef = 7467D17627DD443B0013F4CB /* Tag.swift */; };
/* End PBXBuildFile section */

/* Begin PBXFileReference section */
		6B26F28C877B9E4723D28167 /* Pods_CoreDataBatchInsert.framework */ = {isa = PBXFileReference; explicitFileType = wrapper.framework; includeInIndex = 0; path = Pods_CoreDataBatchInsert.framework; sourceTree = BUILT_PRODUCTS_DIR; };
		7467D13F27DD23260013F4CB /* CoreDataBatchInsert.app */ = {isa = PBXFileReference; explicitFileType = wrapper.application; includeInIndex = 0; path = CoreDataBatchInsert.app; sourceTree = BUILT_PRODUCTS_DIR; };
		7467D14227DD23260013F4CB /* AppDelegate.swift */ = {isa = PBXFileReference; lastKnownFileType = sourcecode.swift; path = AppDelegate.swift; sourceTree = "<group>"; };
		7467D14427DD23260013F4CB /* SceneDelegate.swift */ = {isa = PBXFileReference; lastKnownFileType = sourcecode.swift; path = SceneDelegate.swift; sourceTree = "<group>"; };
		7467D14627DD23260013F4CB /* ViewController.swift */ = {isa = PBXFileReference; lastKnownFileType = sourcecode.swift; path = ViewController.swift; sourceTree = "<group>"; };
		7467D14927DD23260013F4CB /* Base */ = {isa = PBXFileReference; lastKnownFileType = file.storyboard; name = Base; path = Base.lproj/Main.storyboard; sourceTree = "<group>"; };
		7467D14B27DD23280013F4CB /* Assets.xcassets */ = {isa = PBXFileReference; lastKnownFileType = folder.assetcatalog; path = Assets.xcassets; sourceTree = "<group>"; };
		7467D14E27DD23280013F4CB /* Base */ = {isa = PBXFileReference; lastKnownFileType = file.storyboard; name = Base; path = Base.lproj/LaunchScreen.storyboard; sourceTree = "<group>"; };
		7467D15027DD23280013F4CB /* Info.plist */ = {isa = PBXFileReference; lastKnownFileType = text.plist.xml; path = Info.plist; sourceTree = "<group>"; };
		7467D15927DD23D90013F4CB /* CoreDataManager.swift */ = {isa = PBXFileReference; lastKnownFileType = sourcecode.swift; path = CoreDataManager.swift; sourceTree = "<group>"; };
		7467D15B27DD25F10013F4CB /* data.json */ = {isa = PBXFileReference; fileEncoding = 4; lastKnownFileType = text.json; path = data.json; sourceTree = "<group>"; };
		7467D15E27DD26860013F4CB /* Model.xcdatamodel */ = {isa = PBXFileReference; lastKnownFileType = wrapper.xcdatamodel; path = Model.xcdatamodel; sourceTree = "<group>"; };
		7467D16027DD32BF0013F4CB /* ViewModel.swift */ = {isa = PBXFileReference; lastKnownFileType = sourcecode.swift; path = ViewModel.swift; sourceTree = "<group>"; };
		7467D16327DD33E10013F4CB /* CodingUserInfoKey+Extensions.swift */ = {isa = PBXFileReference; lastKnownFileType = sourcecode.swift; path = "CodingUserInfoKey+Extensions.swift"; sourceTree = "<group>"; };
		7467D16627DD346E0013F4CB /* CodableManagedObject.swift */ = {isa = PBXFileReference; lastKnownFileType = sourcecode.swift; path = CodableManagedObject.swift; sourceTree = "<group>"; };
		7467D16827DD357D0013F4CB /* DecoderUpdatable.swift */ = {isa = PBXFileReference; lastKnownFileType = sourcecode.swift; path = DecoderUpdatable.swift; sourceTree = "<group>"; };
		7467D16A27DD35AC0013F4CB /* NSManagedObjectContext+Extensions.swift */ = {isa = PBXFileReference; lastKnownFileType = sourcecode.swift; path = "NSManagedObjectContext+Extensions.swift"; sourceTree = "<group>"; };
		7467D17027DD443B0013F4CB /* Friend.swift */ = {isa = PBXFileReference; fileEncoding = 4; lastKnownFileType = sourcecode.swift; path = Friend.swift; sourceTree = "<group>"; };
		7467D17127DD443B0013F4CB /* Person.swift */ = {isa = PBXFileReference; fileEncoding = 4; lastKnownFileType = sourcecode.swift; path = Person.swift; sourceTree = "<group>"; };
		7467D17327DD443B0013F4CB /* _Person.swift */ = {isa = PBXFileReference; fileEncoding = 4; lastKnownFileType = sourcecode.swift; path = _Person.swift; sourceTree = "<group>"; };
		7467D17427DD443B0013F4CB /* _Tag.swift */ = {isa = PBXFileReference; fileEncoding = 4; lastKnownFileType = sourcecode.swift; path = _Tag.swift; sourceTree = "<group>"; };
		7467D17527DD443B0013F4CB /* _Friend.swift */ = {isa = PBXFileReference; fileEncoding = 4; lastKnownFileType = sourcecode.swift; path = _Friend.swift; sourceTree = "<group>"; };
		7467D17627DD443B0013F4CB /* Tag.swift */ = {isa = PBXFileReference; fileEncoding = 4; lastKnownFileType = sourcecode.swift; path = Tag.swift; sourceTree = "<group>"; };
		911F660DF1BD43367DC9822C /* Pods-CoreDataBatchInsert.debug.xcconfig */ = {isa = PBXFileReference; includeInIndex = 1; lastKnownFileType = text.xcconfig; name = "Pods-CoreDataBatchInsert.debug.xcconfig"; path = "Target Support Files/Pods-CoreDataBatchInsert/Pods-CoreDataBatchInsert.debug.xcconfig"; sourceTree = "<group>"; };
		FE695EEAE34EB36C985CC8C4 /* Pods-CoreDataBatchInsert.release.xcconfig */ = {isa = PBXFileReference; includeInIndex = 1; lastKnownFileType = text.xcconfig; name = "Pods-CoreDataBatchInsert.release.xcconfig"; path = "Target Support Files/Pods-CoreDataBatchInsert/Pods-CoreDataBatchInsert.release.xcconfig"; sourceTree = "<group>"; };
/* End PBXFileReference section */

/* Begin PBXFrameworksBuildPhase section */
		7467D13C27DD23260013F4CB /* Frameworks */ = {
			isa = PBXFrameworksBuildPhase;
			buildActionMask = 2147483647;
			files = (
				4C92019C005BA2ECF213BFE0 /* Pods_CoreDataBatchInsert.framework in Frameworks */,
			);
			runOnlyForDeploymentPostprocessing = 0;
		};
/* End PBXFrameworksBuildPhase section */

/* Begin PBXGroup section */
		49DC0C85AA242457FD8DA2FE /* Frameworks */ = {
			isa = PBXGroup;
			children = (
				6B26F28C877B9E4723D28167 /* Pods_CoreDataBatchInsert.framework */,
			);
			name = Frameworks;
			sourceTree = "<group>";
		};
		5520719D0326D150AE2FBA83 /* Pods */ = {
			isa = PBXGroup;
			children = (
				911F660DF1BD43367DC9822C /* Pods-CoreDataBatchInsert.debug.xcconfig */,
				FE695EEAE34EB36C985CC8C4 /* Pods-CoreDataBatchInsert.release.xcconfig */,
			);
			path = Pods;
			sourceTree = "<group>";
		};
		7467D13627DD23260013F4CB = {
			isa = PBXGroup;
			children = (
				7467D14127DD23260013F4CB /* CoreDataBatchInsert */,
				7467D14027DD23260013F4CB /* Products */,
				5520719D0326D150AE2FBA83 /* Pods */,
				49DC0C85AA242457FD8DA2FE /* Frameworks */,
			);
			sourceTree = "<group>";
		};
		7467D14027DD23260013F4CB /* Products */ = {
			isa = PBXGroup;
			children = (
				7467D13F27DD23260013F4CB /* CoreDataBatchInsert.app */,
			);
			name = Products;
			sourceTree = "<group>";
		};
		7467D14127DD23260013F4CB /* CoreDataBatchInsert */ = {
			isa = PBXGroup;
			children = (
				7467D14227DD23260013F4CB /* AppDelegate.swift */,
				7467D14427DD23260013F4CB /* SceneDelegate.swift */,
				7467D15827DD23AA0013F4CB /* controller */,
				7467D15727DD239D0013F4CB /* model */,
				7467D15627DD237A0013F4CB /* supporting files */,
			);
			path = CoreDataBatchInsert;
			sourceTree = "<group>";
		};
		7467D15627DD237A0013F4CB /* supporting files */ = {
			isa = PBXGroup;
			children = (
				7467D15B27DD25F10013F4CB /* data.json */,
				7467D14827DD23260013F4CB /* Main.storyboard */,
				7467D14B27DD23280013F4CB /* Assets.xcassets */,
				7467D14D27DD23280013F4CB /* LaunchScreen.storyboard */,
				7467D15027DD23280013F4CB /* Info.plist */,
				7467D15D27DD26860013F4CB /* Model.xcdatamodeld */,
			);
			name = "supporting files";
			sourceTree = "<group>";
		};
		7467D15727DD239D0013F4CB /* model */ = {
			isa = PBXGroup;
			children = (
				7467D16F27DD443B0013F4CB /* CoreData */,
				7467D16527DD344E0013F4CB /* protocols */,
				7467D16227DD33CF0013F4CB /* extensions */,
				7467D15927DD23D90013F4CB /* CoreDataManager.swift */,
			);
			name = model;
			sourceTree = "<group>";
		};
		7467D15827DD23AA0013F4CB /* controller */ = {
			isa = PBXGroup;
			children = (
				7467D14627DD23260013F4CB /* ViewController.swift */,
				7467D16027DD32BF0013F4CB /* ViewModel.swift */,
			);
			name = controller;
			sourceTree = "<group>";
		};
		7467D16227DD33CF0013F4CB /* extensions */ = {
			isa = PBXGroup;
			children = (
				7467D16327DD33E10013F4CB /* CodingUserInfoKey+Extensions.swift */,
				7467D16A27DD35AC0013F4CB /* NSManagedObjectContext+Extensions.swift */,
			);
			name = extensions;
			sourceTree = "<group>";
		};
		7467D16527DD344E0013F4CB /* protocols */ = {
			isa = PBXGroup;
			children = (
				7467D16627DD346E0013F4CB /* CodableManagedObject.swift */,
				7467D16827DD357D0013F4CB /* DecoderUpdatable.swift */,
			);
			name = protocols;
			sourceTree = "<group>";
		};
		7467D16F27DD443B0013F4CB /* CoreData */ = {
			isa = PBXGroup;
			children = (
				7467D17227DD443B0013F4CB /* machine */,
				7467D17027DD443B0013F4CB /* Friend.swift */,
				7467D17127DD443B0013F4CB /* Person.swift */,
				7467D17627DD443B0013F4CB /* Tag.swift */,
			);
			path = CoreData;
			sourceTree = "<group>";
		};
		7467D17227DD443B0013F4CB /* machine */ = {
			isa = PBXGroup;
			children = (
				7467D17327DD443B0013F4CB /* _Person.swift */,
				7467D17427DD443B0013F4CB /* _Tag.swift */,
				7467D17527DD443B0013F4CB /* _Friend.swift */,
			);
			path = machine;
			sourceTree = "<group>";
		};
/* End PBXGroup section */

/* Begin PBXNativeTarget section */
		7467D13E27DD23260013F4CB /* CoreDataBatchInsert */ = {
			isa = PBXNativeTarget;
			buildConfigurationList = 7467D15327DD23280013F4CB /* Build configuration list for PBXNativeTarget "CoreDataBatchInsert" */;
			buildPhases = (
				1F0C9A8306246EBAB4C1FC75 /* [CP] Check Pods Manifest.lock */,
				7467D13B27DD23260013F4CB /* Sources */,
				7467D13C27DD23260013F4CB /* Frameworks */,
				7467D13D27DD23260013F4CB /* Resources */,
				36686A989933FC1101699179 /* [CP] Embed Pods Frameworks */,
				7467D16E27DD43880013F4CB /* mogenerator */,
			);
			buildRules = (
			);
			dependencies = (
			);
			name = CoreDataBatchInsert;
			productName = CoreDataBatchInsert;
			productReference = 7467D13F27DD23260013F4CB /* CoreDataBatchInsert.app */;
			productType = "com.apple.product-type.application";
		};
/* End PBXNativeTarget section */

/* Begin PBXProject section */
		7467D13727DD23260013F4CB /* Project object */ = {
			isa = PBXProject;
			attributes = {
				BuildIndependentTargetsInParallel = 1;
				LastSwiftUpdateCheck = 1320;
				LastUpgradeCheck = 1320;
				TargetAttributes = {
					7467D13E27DD23260013F4CB = {
						CreatedOnToolsVersion = 13.2.1;
					};
				};
			};
			buildConfigurationList = 7467D13A27DD23260013F4CB /* Build configuration list for PBXProject "CoreDataBatchInsert" */;
			compatibilityVersion = "Xcode 13.0";
			developmentRegion = en;
			hasScannedForEncodings = 0;
			knownRegions = (
				en,
				Base,
			);
			mainGroup = 7467D13627DD23260013F4CB;
			productRefGroup = 7467D14027DD23260013F4CB /* Products */;
			projectDirPath = "";
			projectRoot = "";
			targets = (
				7467D13E27DD23260013F4CB /* CoreDataBatchInsert */,
			);
		};
/* End PBXProject section */

/* Begin PBXResourcesBuildPhase section */
		7467D13D27DD23260013F4CB /* Resources */ = {
			isa = PBXResourcesBuildPhase;
			buildActionMask = 2147483647;
			files = (
				7467D14F27DD23280013F4CB /* LaunchScreen.storyboard in Resources */,
				7467D14C27DD23280013F4CB /* Assets.xcassets in Resources */,
				7467D14A27DD23260013F4CB /* Main.storyboard in Resources */,
				7467D15C27DD25F10013F4CB /* data.json in Resources */,
			);
			runOnlyForDeploymentPostprocessing = 0;
		};
/* End PBXResourcesBuildPhase section */

/* Begin PBXShellScriptBuildPhase section */
		1F0C9A8306246EBAB4C1FC75 /* [CP] Check Pods Manifest.lock */ = {
			isa = PBXShellScriptBuildPhase;
			buildActionMask = 2147483647;
			files = (
			);
			inputFileListPaths = (
			);
			inputPaths = (
				"${PODS_PODFILE_DIR_PATH}/Podfile.lock",
				"${PODS_ROOT}/Manifest.lock",
			);
			name = "[CP] Check Pods Manifest.lock";
			outputFileListPaths = (
			);
			outputPaths = (
				"$(DERIVED_FILE_DIR)/Pods-CoreDataBatchInsert-checkManifestLockResult.txt",
			);
			runOnlyForDeploymentPostprocessing = 0;
			shellPath = /bin/sh;
			shellScript = "diff \"${PODS_PODFILE_DIR_PATH}/Podfile.lock\" \"${PODS_ROOT}/Manifest.lock\" > /dev/null\nif [ $? != 0 ] ; then\n    # print error to STDERR\n    echo \"error: The sandbox is not in sync with the Podfile.lock. Run 'pod install' or update your CocoaPods installation.\" >&2\n    exit 1\nfi\n# This output is used by Xcode 'outputs' to avoid re-running this script phase.\necho \"SUCCESS\" > \"${SCRIPT_OUTPUT_FILE_0}\"\n";
			showEnvVarsInLog = 0;
		};
		36686A989933FC1101699179 /* [CP] Embed Pods Frameworks */ = {
			isa = PBXShellScriptBuildPhase;
			buildActionMask = 2147483647;
			files = (
			);
			inputFileListPaths = (
				"${PODS_ROOT}/Target Support Files/Pods-CoreDataBatchInsert/Pods-CoreDataBatchInsert-frameworks-${CONFIGURATION}-input-files.xcfilelist",
			);
			name = "[CP] Embed Pods Frameworks";
			outputFileListPaths = (
				"${PODS_ROOT}/Target Support Files/Pods-CoreDataBatchInsert/Pods-CoreDataBatchInsert-frameworks-${CONFIGURATION}-output-files.xcfilelist",
			);
			runOnlyForDeploymentPostprocessing = 0;
			shellPath = /bin/sh;
			shellScript = "\"${PODS_ROOT}/Target Support Files/Pods-CoreDataBatchInsert/Pods-CoreDataBatchInsert-frameworks.sh\"\n";
			showEnvVarsInLog = 0;
		};
		7467D16E27DD43880013F4CB /* mogenerator */ = {
			isa = PBXShellScriptBuildPhase;
			buildActionMask = 2147483647;
			files = (
			);
			inputFileListPaths = (
			);
			inputPaths = (
			);
			name = mogenerator;
			outputFileListPaths = (
			);
			outputPaths = (
			);
			runOnlyForDeploymentPostprocessing = 0;
			shellPath = /bin/sh;
			shellScript = "scripts/./mogenerator.sh\n";
		};
/* End PBXShellScriptBuildPhase section */

/* Begin PBXSourcesBuildPhase section */
		7467D13B27DD23260013F4CB /* Sources */ = {
			isa = PBXSourcesBuildPhase;
			buildActionMask = 2147483647;
			files = (
				7467D17C27DD443B0013F4CB /* Tag.swift in Sources */,
				7467D16427DD33E10013F4CB /* CodingUserInfoKey+Extensions.swift in Sources */,
				7467D14727DD23260013F4CB /* ViewController.swift in Sources */,
				7467D14327DD23260013F4CB /* AppDelegate.swift in Sources */,
				7467D16727DD346E0013F4CB /* CodableManagedObject.swift in Sources */,
				7467D17A27DD443B0013F4CB /* _Tag.swift in Sources */,
				7467D15F27DD26860013F4CB /* Model.xcdatamodeld in Sources */,
				7467D15A27DD23D90013F4CB /* CoreDataManager.swift in Sources */,
				7467D17827DD443B0013F4CB /* Person.swift in Sources */,
				7467D16127DD32BF0013F4CB /* ViewModel.swift in Sources */,
				7467D16927DD357D0013F4CB /* DecoderUpdatable.swift in Sources */,
				7467D14527DD23260013F4CB /* SceneDelegate.swift in Sources */,
				7467D17B27DD443B0013F4CB /* _Friend.swift in Sources */,
				7467D16B27DD35AC0013F4CB /* NSManagedObjectContext+Extensions.swift in Sources */,
				7467D17927DD443B0013F4CB /* _Person.swift in Sources */,
				7467D17727DD443B0013F4CB /* Friend.swift in Sources */,
			);
			runOnlyForDeploymentPostprocessing = 0;
		};
/* End PBXSourcesBuildPhase section */

/* Begin PBXVariantGroup section */
		7467D14827DD23260013F4CB /* Main.storyboard */ = {
			isa = PBXVariantGroup;
			children = (
				7467D14927DD23260013F4CB /* Base */,
			);
			name = Main.storyboard;
			sourceTree = "<group>";
		};
		7467D14D27DD23280013F4CB /* LaunchScreen.storyboard */ = {
			isa = PBXVariantGroup;
			children = (
				7467D14E27DD23280013F4CB /* Base */,
			);
			name = LaunchScreen.storyboard;
			sourceTree = "<group>";
		};
/* End PBXVariantGroup section */

/* Begin XCBuildConfiguration section */
		7467D15127DD23280013F4CB /* Debug */ = {
			isa = XCBuildConfiguration;
			buildSettings = {
				ALWAYS_SEARCH_USER_PATHS = NO;
				CLANG_ANALYZER_NONNULL = YES;
				CLANG_ANALYZER_NUMBER_OBJECT_CONVERSION = YES_AGGRESSIVE;
				CLANG_CXX_LANGUAGE_STANDARD = "gnu++17";
				CLANG_CXX_LIBRARY = "libc++";
				CLANG_ENABLE_MODULES = YES;
				CLANG_ENABLE_OBJC_ARC = YES;
				CLANG_ENABLE_OBJC_WEAK = YES;
				CLANG_WARN_BLOCK_CAPTURE_AUTORELEASING = YES;
				CLANG_WARN_BOOL_CONVERSION = YES;
				CLANG_WARN_COMMA = YES;
				CLANG_WARN_CONSTANT_CONVERSION = YES;
				CLANG_WARN_DEPRECATED_OBJC_IMPLEMENTATIONS = YES;
				CLANG_WARN_DIRECT_OBJC_ISA_USAGE = YES_ERROR;
				CLANG_WARN_DOCUMENTATION_COMMENTS = YES;
				CLANG_WARN_EMPTY_BODY = YES;
				CLANG_WARN_ENUM_CONVERSION = YES;
				CLANG_WARN_INFINITE_RECURSION = YES;
				CLANG_WARN_INT_CONVERSION = YES;
				CLANG_WARN_NON_LITERAL_NULL_CONVERSION = YES;
				CLANG_WARN_OBJC_IMPLICIT_RETAIN_SELF = YES;
				CLANG_WARN_OBJC_LITERAL_CONVERSION = YES;
				CLANG_WARN_OBJC_ROOT_CLASS = YES_ERROR;
				CLANG_WARN_QUOTED_INCLUDE_IN_FRAMEWORK_HEADER = YES;
				CLANG_WARN_RANGE_LOOP_ANALYSIS = YES;
				CLANG_WARN_STRICT_PROTOTYPES = YES;
				CLANG_WARN_SUSPICIOUS_MOVE = YES;
				CLANG_WARN_UNGUARDED_AVAILABILITY = YES_AGGRESSIVE;
				CLANG_WARN_UNREACHABLE_CODE = YES;
				CLANG_WARN__DUPLICATE_METHOD_MATCH = YES;
				COPY_PHASE_STRIP = NO;
				DEBUG_INFORMATION_FORMAT = dwarf;
				ENABLE_STRICT_OBJC_MSGSEND = YES;
				ENABLE_TESTABILITY = YES;
				GCC_C_LANGUAGE_STANDARD = gnu11;
				GCC_DYNAMIC_NO_PIC = NO;
				GCC_NO_COMMON_BLOCKS = YES;
				GCC_OPTIMIZATION_LEVEL = 0;
				GCC_PREPROCESSOR_DEFINITIONS = (
					"DEBUG=1",
					"$(inherited)",
				);
				GCC_WARN_64_TO_32_BIT_CONVERSION = YES;
				GCC_WARN_ABOUT_RETURN_TYPE = YES_ERROR;
				GCC_WARN_UNDECLARED_SELECTOR = YES;
				GCC_WARN_UNINITIALIZED_AUTOS = YES_AGGRESSIVE;
				GCC_WARN_UNUSED_FUNCTION = YES;
				GCC_WARN_UNUSED_VARIABLE = YES;
				IPHONEOS_DEPLOYMENT_TARGET = 15.2;
				MTL_ENABLE_DEBUG_INFO = INCLUDE_SOURCE;
				MTL_FAST_MATH = YES;
				ONLY_ACTIVE_ARCH = YES;
				SDKROOT = iphoneos;
				SWIFT_ACTIVE_COMPILATION_CONDITIONS = DEBUG;
				SWIFT_OPTIMIZATION_LEVEL = "-Onone";
			};
			name = Debug;
		};
		7467D15227DD23280013F4CB /* Release */ = {
			isa = XCBuildConfiguration;
			buildSettings = {
				ALWAYS_SEARCH_USER_PATHS = NO;
				CLANG_ANALYZER_NONNULL = YES;
				CLANG_ANALYZER_NUMBER_OBJECT_CONVERSION = YES_AGGRESSIVE;
				CLANG_CXX_LANGUAGE_STANDARD = "gnu++17";
				CLANG_CXX_LIBRARY = "libc++";
				CLANG_ENABLE_MODULES = YES;
				CLANG_ENABLE_OBJC_ARC = YES;
				CLANG_ENABLE_OBJC_WEAK = YES;
				CLANG_WARN_BLOCK_CAPTURE_AUTORELEASING = YES;
				CLANG_WARN_BOOL_CONVERSION = YES;
				CLANG_WARN_COMMA = YES;
				CLANG_WARN_CONSTANT_CONVERSION = YES;
				CLANG_WARN_DEPRECATED_OBJC_IMPLEMENTATIONS = YES;
				CLANG_WARN_DIRECT_OBJC_ISA_USAGE = YES_ERROR;
				CLANG_WARN_DOCUMENTATION_COMMENTS = YES;
				CLANG_WARN_EMPTY_BODY = YES;
				CLANG_WARN_ENUM_CONVERSION = YES;
				CLANG_WARN_INFINITE_RECURSION = YES;
				CLANG_WARN_INT_CONVERSION = YES;
				CLANG_WARN_NON_LITERAL_NULL_CONVERSION = YES;
				CLANG_WARN_OBJC_IMPLICIT_RETAIN_SELF = YES;
				CLANG_WARN_OBJC_LITERAL_CONVERSION = YES;
				CLANG_WARN_OBJC_ROOT_CLASS = YES_ERROR;
				CLANG_WARN_QUOTED_INCLUDE_IN_FRAMEWORK_HEADER = YES;
				CLANG_WARN_RANGE_LOOP_ANALYSIS = YES;
				CLANG_WARN_STRICT_PROTOTYPES = YES;
				CLANG_WARN_SUSPICIOUS_MOVE = YES;
				CLANG_WARN_UNGUARDED_AVAILABILITY = YES_AGGRESSIVE;
				CLANG_WARN_UNREACHABLE_CODE = YES;
				CLANG_WARN__DUPLICATE_METHOD_MATCH = YES;
				COPY_PHASE_STRIP = NO;
				DEBUG_INFORMATION_FORMAT = "dwarf-with-dsym";
				ENABLE_NS_ASSERTIONS = NO;
				ENABLE_STRICT_OBJC_MSGSEND = YES;
				GCC_C_LANGUAGE_STANDARD = gnu11;
				GCC_NO_COMMON_BLOCKS = YES;
				GCC_WARN_64_TO_32_BIT_CONVERSION = YES;
				GCC_WARN_ABOUT_RETURN_TYPE = YES_ERROR;
				GCC_WARN_UNDECLARED_SELECTOR = YES;
				GCC_WARN_UNINITIALIZED_AUTOS = YES_AGGRESSIVE;
				GCC_WARN_UNUSED_FUNCTION = YES;
				GCC_WARN_UNUSED_VARIABLE = YES;
				IPHONEOS_DEPLOYMENT_TARGET = 15.2;
				MTL_ENABLE_DEBUG_INFO = NO;
				MTL_FAST_MATH = YES;
				SDKROOT = iphoneos;
				SWIFT_COMPILATION_MODE = wholemodule;
				SWIFT_OPTIMIZATION_LEVEL = "-O";
				VALIDATE_PRODUCT = YES;
			};
			name = Release;
		};
		7467D15427DD23280013F4CB /* Debug */ = {
			isa = XCBuildConfiguration;
			baseConfigurationReference = 911F660DF1BD43367DC9822C /* Pods-CoreDataBatchInsert.debug.xcconfig */;
			buildSettings = {
				ASSETCATALOG_COMPILER_APPICON_NAME = AppIcon;
				ASSETCATALOG_COMPILER_GLOBAL_ACCENT_COLOR_NAME = AccentColor;
				CODE_SIGN_STYLE = Automatic;
				CURRENT_PROJECT_VERSION = 1;
				DEVELOPMENT_TEAM = 74KPPW2K35;
				GENERATE_INFOPLIST_FILE = YES;
				INFOPLIST_FILE = CoreDataBatchInsert/Info.plist;
				INFOPLIST_KEY_UIApplicationSupportsIndirectInputEvents = YES;
				INFOPLIST_KEY_UILaunchStoryboardName = LaunchScreen;
				INFOPLIST_KEY_UIMainStoryboardFile = Main;
				INFOPLIST_KEY_UISupportedInterfaceOrientations_iPad = "UIInterfaceOrientationPortrait UIInterfaceOrientationPortraitUpsideDown UIInterfaceOrientationLandscapeLeft UIInterfaceOrientationLandscapeRight";
				INFOPLIST_KEY_UISupportedInterfaceOrientations_iPhone = "UIInterfaceOrientationPortrait UIInterfaceOrientationLandscapeLeft UIInterfaceOrientationLandscapeRight";
				IPHONEOS_DEPLOYMENT_TARGET = 14.0;
				LD_RUNPATH_SEARCH_PATHS = (
					"$(inherited)",
					"@executable_path/Frameworks",
				);
				MARKETING_VERSION = 1.0;
				PRODUCT_BUNDLE_IDENTIFIER = com.kosoku.CoreDataBatchInsert;
				PRODUCT_NAME = "$(TARGET_NAME)";
				SWIFT_EMIT_LOC_STRINGS = YES;
				SWIFT_VERSION = 5.0;
				TARGETED_DEVICE_FAMILY = "1,2";
			};
			name = Debug;
		};
		7467D15527DD23280013F4CB /* Release */ = {
			isa = XCBuildConfiguration;
			baseConfigurationReference = FE695EEAE34EB36C985CC8C4 /* Pods-CoreDataBatchInsert.release.xcconfig */;
			buildSettings = {
				ASSETCATALOG_COMPILER_APPICON_NAME = AppIcon;
				ASSETCATALOG_COMPILER_GLOBAL_ACCENT_COLOR_NAME = AccentColor;
				CODE_SIGN_STYLE = Automatic;
				CURRENT_PROJECT_VERSION = 1;
				DEVELOPMENT_TEAM = 74KPPW2K35;
				GENERATE_INFOPLIST_FILE = YES;
				INFOPLIST_FILE = CoreDataBatchInsert/Info.plist;
				INFOPLIST_KEY_UIApplicationSupportsIndirectInputEvents = YES;
				INFOPLIST_KEY_UILaunchStoryboardName = LaunchScreen;
				INFOPLIST_KEY_UIMainStoryboardFile = Main;
				INFOPLIST_KEY_UISupportedInterfaceOrientations_iPad = "UIInterfaceOrientationPortrait UIInterfaceOrientationPortraitUpsideDown UIInterfaceOrientationLandscapeLeft UIInterfaceOrientationLandscapeRight";
				INFOPLIST_KEY_UISupportedInterfaceOrientations_iPhone = "UIInterfaceOrientationPortrait UIInterfaceOrientationLandscapeLeft UIInterfaceOrientationLandscapeRight";
				IPHONEOS_DEPLOYMENT_TARGET = 14.0;
				LD_RUNPATH_SEARCH_PATHS = (
					"$(inherited)",
					"@executable_path/Frameworks",
				);
				MARKETING_VERSION = 1.0;
				PRODUCT_BUNDLE_IDENTIFIER = com.kosoku.CoreDataBatchInsert;
				PRODUCT_NAME = "$(TARGET_NAME)";
				SWIFT_EMIT_LOC_STRINGS = YES;
				SWIFT_VERSION = 5.0;
				TARGETED_DEVICE_FAMILY = "1,2";
			};
			name = Release;
		};
/* End XCBuildConfiguration section */

/* Begin XCConfigurationList section */
		7467D13A27DD23260013F4CB /* Build configuration list for PBXProject "CoreDataBatchInsert" */ = {
			isa = XCConfigurationList;
			buildConfigurations = (
				7467D15127DD23280013F4CB /* Debug */,
				7467D15227DD23280013F4CB /* Release */,
			);
			defaultConfigurationIsVisible = 0;
			defaultConfigurationName = Release;
		};
		7467D15327DD23280013F4CB /* Build configuration list for PBXNativeTarget "CoreDataBatchInsert" */ = {
			isa = XCConfigurationList;
			buildConfigurations = (
				7467D15427DD23280013F4CB /* Debug */,
				7467D15527DD23280013F4CB /* Release */,
			);
			defaultConfigurationIsVisible = 0;
			defaultConfigurationName = Release;
		};
/* End XCConfigurationList section */

/* Begin XCVersionGroup section */
		7467D15D27DD26860013F4CB /* Model.xcdatamodeld */ = {
			isa = XCVersionGroup;
			children = (
				7467D15E27DD26860013F4CB /* Model.xcdatamodel */,
			);
			currentVersion = 7467D15E27DD26860013F4CB /* Model.xcdatamodel */;
			path = Model.xcdatamodeld;
			sourceTree = "<group>";
			versionGroupType = wrapper.xcdatamodel;
		};
/* End XCVersionGroup section */
	};
	rootObject = 7467D13727DD23260013F4CB /* Project object */;
}
